
Microsoft Visual Studio Solution File, Format Version 12.00
# Visual Studio Version 16
VisualStudioVersion = 16.0.30002.166
MinimumVisualStudioVersion = 10.0.40219.1
Project("{FAE04EC0-301F-11D3-BF4B-00C04F79EFBC}") = "GigHub", "GigHub.csproj", "{EDC46029-95B6-4013-AC05-11EC3E486F1C}"
EndProject
Global
	GlobalSection(SolutionConfigurationPlatforms) = preSolution
		Debug|Any CPU = Debug|Any CPU
		Release|Any CPU = Release|Any CPU
	EndGlobalSection
	GlobalSection(ProjectConfigurationPlatforms) = postSolution
		{EDC46029-95B6-4013-AC05-11EC3E486F1C}.Debug|Any CPU.ActiveCfg = Debug|Any CPU
		{EDC46029-95B6-4013-AC05-11EC3E486F1C}.Debug|Any CPU.Build.0 = Debug|Any CPU
		{EDC46029-95B6-4013-AC05-11EC3E486F1C}.Release|Any CPU.ActiveCfg = Release|Any CPU
		{EDC46029-95B6-4013-AC05-11EC3E486F1C}.Release|Any CPU.Build.0 = Release|Any CPU
	EndGlobalSection
	GlobalSection(SolutionProperties) = preSolution
		HideSolutionNode = FALSE
	EndGlobalSection
	GlobalSection(ExtensibilityGlobals) = postSolution
		SolutionGuid = {D9C56F5F-A71E-4143-9592-9CCD56402E3F}
	EndGlobalSection
EndGlobal
